# THIS IS AN AUTOGENERATED FILE. DO NOT EDIT THIS FILE DIRECTLY.
# yarn lockfile v1


mkdirp@^1.0.4:
  version "1.0.4"
  resolved "https://artifactory.sie.sony.com/artifactory/api/npm/ce-sie-private-npm-prod-virtual/mkdirp/-/mkdirp-1.0.4.tgz#3eb5ed62622756d79a5f0e2a221dfebad75c2f7e"
  integrity sha1-PrXtYmInVteaXw4qIh3+utdcL34=

source-map@^0.7.3:
  version "0.7.3"
  resolved "https://artifactory.sie.sony.com/artifactory/api/npm/ce-sie-private-npm-prod-virtual/source-map/-/source-map-0.7.3.tgz#5302f8169031735226544092e64981f751750383"
  integrity sha1-UwL4FpAxc1ImVECS5kmB91F1A4M=
